<?xml version="1.0" encoding="utf-8"?>
<Project ToolsVersion="4.0" xmlns="http://schemas.microsoft.com/developer/msbuild/2003">
  <ItemGroup>
    <Filter Include="Source Files">
      <UniqueIdentifier>{4FC737F1-C7A5-4376-A066-2A32D752A2FF}</UniqueIdentifier>
      <Extensions>cpp;c;cc;cxx;c++;cppm;ixx;def;odl;idl;hpj;bat;asm;asmx</Extensions>
    </Filter>
    <Filter Include="Headers">
      <UniqueIdentifier>{05bc4be2-920c-4c01-bcec-198be3367cb5}</UniqueIdentifier>
    </Filter>
  </ItemGroup>
  <ItemGroup>
    <ClCompile Include="main.cpp">
      <Filter>Source Files</Filter>
    </ClCompile>
    <ClCompile Include="Graph\Graph.h">
      <Filter>Source Files</Filter>
    </ClCompile>
    <ClCompile Include="Graph\RandomGraphFactory.h">
      <Filter>Source Files</Filter>
    </ClCompile>
    <ClCompile Include="Graph\Graph.cpp">
      <Filter>Source Files</Filter>
    </ClCompile>
    <ClCompile Include="Graph\RandomGraphFactory.cpp">
      <Filter>Source Files</Filter>
    </ClCompile>
    <ClCompile Include="Graph\CustomGraphFactory.cpp">
      <Filter>Source Files</Filter>
    </ClCompile>
    <ClCompile Include="IlyevAlgs\A2Alg.cpp">
      <Filter>Source Files</Filter>
    </ClCompile>
    <ClCompile Include="Common\MatrixWriter.cpp">
      <Filter>Source Files</Filter>
    </ClCompile>
  </ItemGroup>
  <ItemGroup>
    <ClInclude Include="Graph\IGraphFactory.h" />
    <ClInclude Include="Graph\IGraph.h" />
    <ClInclude Include="Graph\CustomGraphFactory.h" />
    <ClInclude Include="FlowersAlg\Edmonds.h" />
    <ClInclude Include="BnB\BnB.h" />
    <ClInclude Include="BnB\BnBTreeNode.h" />
    <ClInclude Include="IlyevAlgs\A2Alg.h" />
    <ClInclude Include="Common\MatrixWriter.h" />
  </ItemGroup>
</Project>